# This file was autogenerated by Stack.
# You should not edit this file by hand.
# For more information, please see the documentation at:
#   https://docs.haskellstack.org/en/stable/lock_files

packages: []
snapshots:
- completed:
    size: 617441
    url: https://raw.githubusercontent.com/commercialhaskell/stackage-snapshots/master/nightly/2022/7/21.yaml
    sha256: 79dd565ad2ddaca3300032a592912aaf95d6da96cb385d027cd91acb62fa7107
  original: nightly-2022-07-21
